
Microsoft Visual Studio Solution File, Format Version 12.00
# Visual Studio Version 17
VisualStudioVersion = 17.2.32630.192
MinimumVisualStudioVersion = 10.0.40219.1
Project("{FAE04EC0-301F-11D3-BF4B-00C04F79EFBC}") = "SuperSer Timer.Android", "SuperSer Timer\SuperSer Timer.Android\SuperSer Timer.Android.csproj", "{DC2F76B0-5483-42A7-AE36-7F5B2B9E18EC}"
EndProject
Project("{FAE04EC0-301F-11D3-BF4B-00C04F79EFBC}") = "SuperSer Timer", "SuperSer Timer\SuperSer Timer\SuperSer Timer.csproj", "{A4950E5E-1259-41A2-A3ED-5807F3FCCE58}"
EndProject
Global
	GlobalSection(SolutionConfigurationPlatforms) = preSolution
		Debug|Any CPU = Debug|Any CPU
		Release|Any CPU = Release|Any CPU
	EndGlobalSection
	GlobalSection(ProjectConfigurationPlatforms) = postSolution
		{DC2F76B0-5483-42A7-AE36-7F5B2B9E18EC}.Debug|Any CPU.ActiveCfg = Debug|Any CPU
		{DC2F76B0-5483-42A7-AE36-7F5B2B9E18EC}.Debug|Any CPU.Build.0 = Debug|Any CPU
		{DC2F76B0-5483-42A7-AE36-7F5B2B9E18EC}.Debug|Any CPU.Deploy.0 = Debug|Any CPU
		{DC2F76B0-5483-42A7-AE36-7F5B2B9E18EC}.Release|Any CPU.ActiveCfg = Release|Any CPU
		{DC2F76B0-5483-42A7-AE36-7F5B2B9E18EC}.Release|Any CPU.Build.0 = Release|Any CPU
		{DC2F76B0-5483-42A7-AE36-7F5B2B9E18EC}.Release|Any CPU.Deploy.0 = Release|Any CPU
		{A4950E5E-1259-41A2-A3ED-5807F3FCCE58}.Debug|Any CPU.ActiveCfg = Debug|Any CPU
		{A4950E5E-1259-41A2-A3ED-5807F3FCCE58}.Debug|Any CPU.Build.0 = Debug|Any CPU
		{A4950E5E-1259-41A2-A3ED-5807F3FCCE58}.Debug|Any CPU.Deploy.0 = Debug|Any CPU
		{A4950E5E-1259-41A2-A3ED-5807F3FCCE58}.Release|Any CPU.ActiveCfg = Release|Any CPU
		{A4950E5E-1259-41A2-A3ED-5807F3FCCE58}.Release|Any CPU.Build.0 = Release|Any CPU
		{A4950E5E-1259-41A2-A3ED-5807F3FCCE58}.Release|Any CPU.Deploy.0 = Release|Any CPU
	EndGlobalSection
	GlobalSection(SolutionProperties) = preSolution
		HideSolutionNode = FALSE
	EndGlobalSection
	GlobalSection(ExtensibilityGlobals) = postSolution
		SolutionGuid = {D44C7985-29AA-4584-A745-AD932A311692}
	EndGlobalSection
EndGlobal
